
Microsoft Visual Studio Solution File, Format Version 12.00
# Visual Studio Version 16
VisualStudioVersion = 16.0.28729.10
MinimumVisualStudioVersion = 10.0.40219.1
Project("{FAE04EC0-301F-11D3-BF4B-00C04F79EFBC}") = "InventoryManagementApp", "InventoryManagementApp\InventoryManagementApp.csproj", "{EC71E348-4378-4D37-AD2F-13E99AA339A6}"
EndProject
Project("{FAE04EC0-301F-11D3-BF4B-00C04F79EFBC}") = "InvManAppTest", "InvManAppTest\InvManAppTest.csproj", "{89317144-51F6-458A-829C-85DC3E2C525F}"
EndProject
Global
	GlobalSection(SolutionConfigurationPlatforms) = preSolution
		Debug|Any CPU = Debug|Any CPU
		Release|Any CPU = Release|Any CPU
	EndGlobalSection
	GlobalSection(ProjectConfigurationPlatforms) = postSolution
		{EC71E348-4378-4D37-AD2F-13E99AA339A6}.Debug|Any CPU.ActiveCfg = Debug|Any CPU
		{EC71E348-4378-4D37-AD2F-13E99AA339A6}.Debug|Any CPU.Build.0 = Debug|Any CPU
		{EC71E348-4378-4D37-AD2F-13E99AA339A6}.Release|Any CPU.ActiveCfg = Release|Any CPU
		{EC71E348-4378-4D37-AD2F-13E99AA339A6}.Release|Any CPU.Build.0 = Release|Any CPU
		{89317144-51F6-458A-829C-85DC3E2C525F}.Debug|Any CPU.ActiveCfg = Debug|Any CPU
		{89317144-51F6-458A-829C-85DC3E2C525F}.Debug|Any CPU.Build.0 = Debug|Any CPU
		{89317144-51F6-458A-829C-85DC3E2C525F}.Release|Any CPU.ActiveCfg = Release|Any CPU
		{89317144-51F6-458A-829C-85DC3E2C525F}.Release|Any CPU.Build.0 = Release|Any CPU
	EndGlobalSection
	GlobalSection(SolutionProperties) = preSolution
		HideSolutionNode = FALSE
	EndGlobalSection
	GlobalSection(ExtensibilityGlobals) = postSolution
		SolutionGuid = {17F1626C-901B-487D-B718-911AFA584E95}
	EndGlobalSection
EndGlobal
